
Microsoft Visual Studio Solution File, Format Version 12.00
# Visual Studio Version 17
VisualStudioVersion = 17.7.34031.279
MinimumVisualStudioVersion = 10.0.40219.1
Project("{FAE04EC0-301F-11D3-BF4B-00C04F79EFBC}") = "MTZKIT_Lab_6", "MTZKIT_Lab_6\MTZKIT_Lab_6.csproj", "{1A664A39-1CC3-4393-ABAA-9F335A9980B6}"
EndProject
Global
	GlobalSection(SolutionConfigurationPlatforms) = preSolution
		Debug|Any CPU = Debug|Any CPU
		Release|Any CPU = Release|Any CPU
	EndGlobalSection
	GlobalSection(ProjectConfigurationPlatforms) = postSolution
		{1A664A39-1CC3-4393-ABAA-9F335A9980B6}.Debug|Any CPU.ActiveCfg = Debug|Any CPU
		{1A664A39-1CC3-4393-ABAA-9F335A9980B6}.Debug|Any CPU.Build.0 = Debug|Any CPU
		{1A664A39-1CC3-4393-ABAA-9F335A9980B6}.Release|Any CPU.ActiveCfg = Release|Any CPU
		{1A664A39-1CC3-4393-ABAA-9F335A9980B6}.Release|Any CPU.Build.0 = Release|Any CPU
	EndGlobalSection
	GlobalSection(SolutionProperties) = preSolution
		HideSolutionNode = FALSE
	EndGlobalSection
	GlobalSection(ExtensibilityGlobals) = postSolution
		SolutionGuid = {1FF30434-C690-4BB3-8E24-8B09BE86F448}
	EndGlobalSection
EndGlobal
